
Microsoft Visual Studio Solution File, Format Version 12.00
# Visual Studio 15
VisualStudioVersion = 15.0.28010.2050
MinimumVisualStudioVersion = 10.0.40219.1
Project("{9A19103F-16F7-4668-BE54-9A1E7A4F7556}") = "JobsApp", "JobsApp\JobsApp.csproj", "{37DE0CEA-075C-45BC-A1BF-F87BDD65023A}"
EndProject
Project("{FAE04EC0-301F-11D3-BF4B-00C04F79EFBC}") = "JobsApp.Tests", "JobsApp.Tests\JobsApp.Tests.csproj", "{16D2DE03-3A3B-47ED-949F-1B989291B858}"
EndProject
Global
	GlobalSection(SolutionConfigurationPlatforms) = preSolution
		Debug|Any CPU = Debug|Any CPU
		Release|Any CPU = Release|Any CPU
	EndGlobalSection
	GlobalSection(ProjectConfigurationPlatforms) = postSolution
		{37DE0CEA-075C-45BC-A1BF-F87BDD65023A}.Debug|Any CPU.ActiveCfg = Debug|Any CPU
		{37DE0CEA-075C-45BC-A1BF-F87BDD65023A}.Debug|Any CPU.Build.0 = Debug|Any CPU
		{37DE0CEA-075C-45BC-A1BF-F87BDD65023A}.Release|Any CPU.ActiveCfg = Release|Any CPU
		{37DE0CEA-075C-45BC-A1BF-F87BDD65023A}.Release|Any CPU.Build.0 = Release|Any CPU
		{16D2DE03-3A3B-47ED-949F-1B989291B858}.Debug|Any CPU.ActiveCfg = Debug|Any CPU
		{16D2DE03-3A3B-47ED-949F-1B989291B858}.Debug|Any CPU.Build.0 = Debug|Any CPU
		{16D2DE03-3A3B-47ED-949F-1B989291B858}.Release|Any CPU.ActiveCfg = Release|Any CPU
		{16D2DE03-3A3B-47ED-949F-1B989291B858}.Release|Any CPU.Build.0 = Release|Any CPU
	EndGlobalSection
	GlobalSection(SolutionProperties) = preSolution
		HideSolutionNode = FALSE
	EndGlobalSection
	GlobalSection(ExtensibilityGlobals) = postSolution
		SolutionGuid = {7D2B2236-5C95-47DD-978A-5C998F460099}
	EndGlobalSection
EndGlobal
